
Microsoft Visual Studio Solution File, Format Version 12.00
# Visual Studio Version 17
VisualStudioVersion = 17.3.32804.467
MinimumVisualStudioVersion = 10.0.40219.1
Project("{9A19103F-16F7-4668-BE54-9A1E7A4F7556}") = "WebAppDETAug2022", "WebAppDETAug2022\WebAppDETAug2022.csproj", "{318B4D35-F21C-4EDD-A052-BB31DC3E4C33}"
EndProject
Project("{9A19103F-16F7-4668-BE54-9A1E7A4F7556}") = "MVCDemo", "MVCDemo\MVCDemo.csproj", "{CE7B14B7-2E47-4721-98EB-EAA9867FE681}"
EndProject
Project("{9A19103F-16F7-4668-BE54-9A1E7A4F7556}") = "APIDemo", "APIDemo\APIDemo.csproj", "{44B86AAA-B4F7-45B9-B23A-6D18E35767C6}"
EndProject
Project("{9A19103F-16F7-4668-BE54-9A1E7A4F7556}") = "ConsoleAPIClient", "ConsoleAPIClient\ConsoleAPIClient.csproj", "{E6E02670-D7D3-4C56-A9E9-81F3D7806AE7}"
EndProject
Project("{9A19103F-16F7-4668-BE54-9A1E7A4F7556}") = "TodoAPI", "TodoAPI\TodoAPI.csproj", "{74B32194-5C1C-4D83-8FA0-A83CB2406103}"
EndProject
Project("{9A19103F-16F7-4668-BE54-9A1E7A4F7556}") = "OData6Demo", "OData6Demo\OData6Demo.csproj", "{67A14287-3B94-44E7-B31A-5F215EA5814A}"
EndProject
Project("{FAE04EC0-301F-11D3-BF4B-00C04F79EFBC}") = "MyFirstUnitTests", "MyFirstUnitTests\MyFirstUnitTests.csproj", "{5B155EA3-6364-4649-B270-1B6397E7D2F8}"
EndProject
Project("{FAE04EC0-301F-11D3-BF4B-00C04F79EFBC}") = "ClassLib_Pizza", "ClassLib_Pizza\ClassLib_Pizza.csproj", "{CE8345DA-86EB-44C5-9A87-8C8309CB9313}"
EndProject
Global
	GlobalSection(SolutionConfigurationPlatforms) = preSolution
		Debug|Any CPU = Debug|Any CPU
		Release|Any CPU = Release|Any CPU
	EndGlobalSection
	GlobalSection(ProjectConfigurationPlatforms) = postSolution
		{318B4D35-F21C-4EDD-A052-BB31DC3E4C33}.Debug|Any CPU.ActiveCfg = Debug|Any CPU
		{318B4D35-F21C-4EDD-A052-BB31DC3E4C33}.Debug|Any CPU.Build.0 = Debug|Any CPU
		{318B4D35-F21C-4EDD-A052-BB31DC3E4C33}.Release|Any CPU.ActiveCfg = Release|Any CPU
		{318B4D35-F21C-4EDD-A052-BB31DC3E4C33}.Release|Any CPU.Build.0 = Release|Any CPU
		{CE7B14B7-2E47-4721-98EB-EAA9867FE681}.Debug|Any CPU.ActiveCfg = Debug|Any CPU
		{CE7B14B7-2E47-4721-98EB-EAA9867FE681}.Debug|Any CPU.Build.0 = Debug|Any CPU
		{CE7B14B7-2E47-4721-98EB-EAA9867FE681}.Release|Any CPU.ActiveCfg = Release|Any CPU
		{CE7B14B7-2E47-4721-98EB-EAA9867FE681}.Release|Any CPU.Build.0 = Release|Any CPU
		{44B86AAA-B4F7-45B9-B23A-6D18E35767C6}.Debug|Any CPU.ActiveCfg = Debug|Any CPU
		{44B86AAA-B4F7-45B9-B23A-6D18E35767C6}.Debug|Any CPU.Build.0 = Debug|Any CPU
		{44B86AAA-B4F7-45B9-B23A-6D18E35767C6}.Release|Any CPU.ActiveCfg = Release|Any CPU
		{44B86AAA-B4F7-45B9-B23A-6D18E35767C6}.Release|Any CPU.Build.0 = Release|Any CPU
		{E6E02670-D7D3-4C56-A9E9-81F3D7806AE7}.Debug|Any CPU.ActiveCfg = Debug|Any CPU
		{E6E02670-D7D3-4C56-A9E9-81F3D7806AE7}.Debug|Any CPU.Build.0 = Debug|Any CPU
		{E6E02670-D7D3-4C56-A9E9-81F3D7806AE7}.Release|Any CPU.ActiveCfg = Release|Any CPU
		{E6E02670-D7D3-4C56-A9E9-81F3D7806AE7}.Release|Any CPU.Build.0 = Release|Any CPU
		{74B32194-5C1C-4D83-8FA0-A83CB2406103}.Debug|Any CPU.ActiveCfg = Debug|Any CPU
		{74B32194-5C1C-4D83-8FA0-A83CB2406103}.Debug|Any CPU.Build.0 = Debug|Any CPU
		{74B32194-5C1C-4D83-8FA0-A83CB2406103}.Release|Any CPU.ActiveCfg = Release|Any CPU
		{74B32194-5C1C-4D83-8FA0-A83CB2406103}.Release|Any CPU.Build.0 = Release|Any CPU
		{67A14287-3B94-44E7-B31A-5F215EA5814A}.Debug|Any CPU.ActiveCfg = Debug|Any CPU
		{67A14287-3B94-44E7-B31A-5F215EA5814A}.Debug|Any CPU.Build.0 = Debug|Any CPU
		{67A14287-3B94-44E7-B31A-5F215EA5814A}.Release|Any CPU.ActiveCfg = Release|Any CPU
		{67A14287-3B94-44E7-B31A-5F215EA5814A}.Release|Any CPU.Build.0 = Release|Any CPU
		{5B155EA3-6364-4649-B270-1B6397E7D2F8}.Debug|Any CPU.ActiveCfg = Debug|Any CPU
		{5B155EA3-6364-4649-B270-1B6397E7D2F8}.Debug|Any CPU.Build.0 = Debug|Any CPU
		{5B155EA3-6364-4649-B270-1B6397E7D2F8}.Release|Any CPU.ActiveCfg = Release|Any CPU
		{5B155EA3-6364-4649-B270-1B6397E7D2F8}.Release|Any CPU.Build.0 = Release|Any CPU
		{CE8345DA-86EB-44C5-9A87-8C8309CB9313}.Debug|Any CPU.ActiveCfg = Debug|Any CPU
		{CE8345DA-86EB-44C5-9A87-8C8309CB9313}.Debug|Any CPU.Build.0 = Debug|Any CPU
		{CE8345DA-86EB-44C5-9A87-8C8309CB9313}.Release|Any CPU.ActiveCfg = Release|Any CPU
		{CE8345DA-86EB-44C5-9A87-8C8309CB9313}.Release|Any CPU.Build.0 = Release|Any CPU
	EndGlobalSection
	GlobalSection(SolutionProperties) = preSolution
		HideSolutionNode = FALSE
	EndGlobalSection
	GlobalSection(ExtensibilityGlobals) = postSolution
		SolutionGuid = {FEF3C739-3DC7-43EF-B729-6C8A6BBAAB18}
	EndGlobalSection
EndGlobal
