
Microsoft Visual Studio Solution File, Format Version 12.00
# Visual Studio Version 17
VisualStudioVersion = 17.3.32804.467
MinimumVisualStudioVersion = 10.0.40219.1
Project("{FAE04EC0-301F-11D3-BF4B-00C04F79EFBC}") = "ContosoUniversity", "ContosoUniversity\ContosoUniversity.csproj", "{540422D9-A5C4-4C83-B2FE-D21CC21CF2E8}"
EndProject
Global
	GlobalSection(SolutionConfigurationPlatforms) = preSolution
		Debug|Any CPU = Debug|Any CPU
		Release|Any CPU = Release|Any CPU
	EndGlobalSection
	GlobalSection(ProjectConfigurationPlatforms) = postSolution
		{540422D9-A5C4-4C83-B2FE-D21CC21CF2E8}.Debug|Any CPU.ActiveCfg = Debug|Any CPU
		{540422D9-A5C4-4C83-B2FE-D21CC21CF2E8}.Debug|Any CPU.Build.0 = Debug|Any CPU
		{540422D9-A5C4-4C83-B2FE-D21CC21CF2E8}.Release|Any CPU.ActiveCfg = Release|Any CPU
		{540422D9-A5C4-4C83-B2FE-D21CC21CF2E8}.Release|Any CPU.Build.0 = Release|Any CPU
	EndGlobalSection
	GlobalSection(SolutionProperties) = preSolution
		HideSolutionNode = FALSE
	EndGlobalSection
	GlobalSection(ExtensibilityGlobals) = postSolution
		SolutionGuid = {17BF706B-80DE-478C-9BF0-A4B01BD7A330}
	EndGlobalSection
EndGlobal
